
Microsoft Visual Studio Solution File, Format Version 12.00
# Visual Studio 2013
VisualStudioVersion = 12.0.31101.0
MinimumVisualStudioVersion = 10.0.40219.1
Project("{FAE04EC0-301F-11D3-BF4B-00C04F79EFBC}") = "NewsCollector", "NewsCollector\NewsCollector.csproj", "{55A2AAF6-35CB-4FA9-9BF6-59E1BC377C51}"
EndProject
Global
	GlobalSection(SolutionConfigurationPlatforms) = preSolution
		Debug|Any CPU = Debug|Any CPU
		Release|Any CPU = Release|Any CPU
	EndGlobalSection
	GlobalSection(ProjectConfigurationPlatforms) = postSolution
		{55A2AAF6-35CB-4FA9-9BF6-59E1BC377C51}.Debug|Any CPU.ActiveCfg = Debug|Any CPU
		{55A2AAF6-35CB-4FA9-9BF6-59E1BC377C51}.Debug|Any CPU.Build.0 = Debug|Any CPU
		{55A2AAF6-35CB-4FA9-9BF6-59E1BC377C51}.Release|Any CPU.ActiveCfg = Release|Any CPU
		{55A2AAF6-35CB-4FA9-9BF6-59E1BC377C51}.Release|Any CPU.Build.0 = Release|Any CPU
	EndGlobalSection
	GlobalSection(SolutionProperties) = preSolution
		HideSolutionNode = FALSE
	EndGlobalSection
EndGlobal
